
Microsoft Visual Studio Solution File, Format Version 12.00
# Visual Studio Version 17
VisualStudioVersion = 17.3.32922.545
MinimumVisualStudioVersion = 10.0.40219.1
Project("{FAE04EC0-301F-11D3-BF4B-00C04F79EFBC}") = "AppConverter.API", "AppConverter\AppConverter.API.csproj", "{29F0EA9C-4449-41FD-AA33-592D0C0AA221}"
EndProject
Project("{FAE04EC0-301F-11D3-BF4B-00C04F79EFBC}") = "AppConverter.Services", "AppConverter.Services\AppConverter.Services.csproj", "{EDB32695-43BF-4938-AB90-99F70B033BBE}"
EndProject
Global
	GlobalSection(SolutionConfigurationPlatforms) = preSolution
		Debug|Any CPU = Debug|Any CPU
		Release|Any CPU = Release|Any CPU
	EndGlobalSection
	GlobalSection(ProjectConfigurationPlatforms) = postSolution
		{29F0EA9C-4449-41FD-AA33-592D0C0AA221}.Debug|Any CPU.ActiveCfg = Debug|Any CPU
		{29F0EA9C-4449-41FD-AA33-592D0C0AA221}.Debug|Any CPU.Build.0 = Debug|Any CPU
		{29F0EA9C-4449-41FD-AA33-592D0C0AA221}.Release|Any CPU.ActiveCfg = Release|Any CPU
		{29F0EA9C-4449-41FD-AA33-592D0C0AA221}.Release|Any CPU.Build.0 = Release|Any CPU
		{EDB32695-43BF-4938-AB90-99F70B033BBE}.Debug|Any CPU.ActiveCfg = Debug|Any CPU
		{EDB32695-43BF-4938-AB90-99F70B033BBE}.Debug|Any CPU.Build.0 = Debug|Any CPU
		{EDB32695-43BF-4938-AB90-99F70B033BBE}.Release|Any CPU.ActiveCfg = Release|Any CPU
		{EDB32695-43BF-4938-AB90-99F70B033BBE}.Release|Any CPU.Build.0 = Release|Any CPU
	EndGlobalSection
	GlobalSection(SolutionProperties) = preSolution
		HideSolutionNode = FALSE
	EndGlobalSection
	GlobalSection(ExtensibilityGlobals) = postSolution
		SolutionGuid = {2C541C1F-B069-4D4F-8695-7626F1CE9080}
	EndGlobalSection
EndGlobal
